// !$*UTF8*$!
{
	archiveVersion = 1;
	classes = {
	};
	objectVersion = 56;
	objects = {

/* Begin PBXBuildFile section */
		960F3CCB28FE501C002FA17E /* AppOpenAd.swift in Sources */ = {isa = PBXBuildFile; fileRef = 960F3CCA28FE501B002FA17E /* AppOpenAd.swift */; };
		960F3CCE28FE5634002FA17E /* StringExtension.swift in Sources */ = {isa = PBXBuildFile; fileRef = 960F3CCD28FE5634002FA17E /* StringExtension.swift */; };
		960F3CD028FE663A002FA17E /* RewardedAd.swift in Sources */ = {isa = PBXBuildFile; fileRef = 960F3CCF28FE663A002FA17E /* RewardedAd.swift */; };
		960F927228F4252900DC412A /* MediationAdManager.docc in Sources */ = {isa = PBXBuildFile; fileRef = 960F927128F4252900DC412A /* MediationAdManager.docc */; };
		960F927328F4252900DC412A /* MediationAdManager.h in Headers */ = {isa = PBXBuildFile; fileRef = 960F927028F4252900DC412A /* MediationAdManager.h */; settings = {ATTRIBUTES = (Public, ); }; };
		960F928028F4267900DC412A /* AppDelegate.swift in Sources */ = {isa = PBXBuildFile; fileRef = 960F927F28F4267900DC412A /* AppDelegate.swift */; };
		960F928228F4267900DC412A /* SceneDelegate.swift in Sources */ = {isa = PBXBuildFile; fileRef = 960F928128F4267900DC412A /* SceneDelegate.swift */; };
		960F928428F4267900DC412A /* ViewController.swift in Sources */ = {isa = PBXBuildFile; fileRef = 960F928328F4267900DC412A /* ViewController.swift */; };
		960F928728F4267900DC412A /* Main.storyboard in Resources */ = {isa = PBXBuildFile; fileRef = 960F928528F4267900DC412A /* Main.storyboard */; };
		960F928928F4267A00DC412A /* Assets.xcassets in Resources */ = {isa = PBXBuildFile; fileRef = 960F928828F4267A00DC412A /* Assets.xcassets */; };
		960F928C28F4267A00DC412A /* LaunchScreen.storyboard in Resources */ = {isa = PBXBuildFile; fileRef = 960F928A28F4267A00DC412A /* LaunchScreen.storyboard */; };
		9670507F290F89E000A21FB2 /* SmallManualNativeAdView.xib in Resources */ = {isa = PBXBuildFile; fileRef = 9670507E290F89E000A21FB2 /* SmallManualNativeAdView.xib */; };
		96705081290F8AA900A21FB2 /* SmallManualNativeAdView.swift in Sources */ = {isa = PBXBuildFile; fileRef = 96705080290F8AA900A21FB2 /* SmallManualNativeAdView.swift */; };
		96705084290FB46200A21FB2 /* MediumManualNativeAdView.xib in Resources */ = {isa = PBXBuildFile; fileRef = 96705083290FB46200A21FB2 /* MediumManualNativeAdView.xib */; };
		96705086290FBAA900A21FB2 /* MediumManualNativeAdView.swift in Sources */ = {isa = PBXBuildFile; fileRef = 96705085290FBAA900A21FB2 /* MediumManualNativeAdView.swift */; };
		967C1BB528FD0913008C52FE /* InterstitialAd.swift in Sources */ = {isa = PBXBuildFile; fileRef = 967C1BB028FD08DF008C52FE /* InterstitialAd.swift */; };
		967C1BB628FD09AF008C52FE /* AdProtocol.swift in Sources */ = {isa = PBXBuildFile; fileRef = 967C1BB428FD08DF008C52FE /* AdProtocol.swift */; };
		96AAD26629027D9E006C9EA4 /* BaseView.swift in Sources */ = {isa = PBXBuildFile; fileRef = 96AAD26529027D9E006C9EA4 /* BaseView.swift */; };
		96AAD26829027DC4006C9EA4 /* ViewProtocol.swift in Sources */ = {isa = PBXBuildFile; fileRef = 96AAD26729027DC4006C9EA4 /* ViewProtocol.swift */; };
		96AAD26A29027DFD006C9EA4 /* BannerAdView.swift in Sources */ = {isa = PBXBuildFile; fileRef = 96AAD26929027DFD006C9EA4 /* BannerAdView.swift */; };
		96AFC5F62910BC4400E92E34 /* BaseCollectionViewCell.swift in Sources */ = {isa = PBXBuildFile; fileRef = 96AFC5F52910BC4400E92E34 /* BaseCollectionViewCell.swift */; };
		96AFC5F82910BEC200E92E34 /* MediumNativeAdCollectionViewCell.swift in Sources */ = {isa = PBXBuildFile; fileRef = 96AFC5F72910BEC200E92E34 /* MediumNativeAdCollectionViewCell.swift */; };
		96AFC5FA2910BEFA00E92E34 /* SmallManualNativeAdCollectionViewCell.swift in Sources */ = {isa = PBXBuildFile; fileRef = 96AFC5F92910BEFA00E92E34 /* SmallManualNativeAdCollectionViewCell.swift */; };
		96AFC5FC2910BF5800E92E34 /* MediumManualNativeAdCollectionViewCell.swift in Sources */ = {isa = PBXBuildFile; fileRef = 96AFC5FB2910BF5800E92E34 /* MediumManualNativeAdCollectionViewCell.swift */; };
		96AFC5FF2910C0A300E92E34 /* NativeViewController.swift in Sources */ = {isa = PBXBuildFile; fileRef = 96AFC5FD2910C0A300E92E34 /* NativeViewController.swift */; };
		96AFC6002910C0A300E92E34 /* NativeViewController.xib in Resources */ = {isa = PBXBuildFile; fileRef = 96AFC5FE2910C0A300E92E34 /* NativeViewController.xib */; };
		96BE69C2290297E20026C96C /* Extensions.swift in Sources */ = {isa = PBXBuildFile; fileRef = 96BE69C1290297E20026C96C /* Extensions.swift */; };
		96BE69C629029AE10026C96C /* MediationAdManager.swift in Sources */ = {isa = PBXBuildFile; fileRef = 96BE69C529029AE10026C96C /* MediationAdManager.swift */; };
		96CE7D4F2907CFC8006767C2 /* MediumNativeAdView.swift in Sources */ = {isa = PBXBuildFile; fileRef = 96CE7D4E2907CFC8006767C2 /* MediumNativeAdView.swift */; };
		96FAED8E290FE25C007D240E /* SmallNativeAdCollectionViewCell.swift in Sources */ = {isa = PBXBuildFile; fileRef = 96FAED8D290FE25C007D240E /* SmallNativeAdCollectionViewCell.swift */; };
		96FBEC53290675CD00FA6A25 /* NativeAd.swift in Sources */ = {isa = PBXBuildFile; fileRef = 96FBEC52290675CD00FA6A25 /* NativeAd.swift */; };
		96FBEC552906A82B00FA6A25 /* SmallNativeAdView.swift in Sources */ = {isa = PBXBuildFile; fileRef = 96FBEC542906A82B00FA6A25 /* SmallNativeAdView.swift */; };
		9A5CB6A1EAB93E5FC04BF10F /* Pods_MediationAdManager.framework in Frameworks */ = {isa = PBXBuildFile; fileRef = 13CD46653F82BDAA5D8E053A /* Pods_MediationAdManager.framework */; };
/* End PBXBuildFile section */

/* Begin PBXFileReference section */
		13CD46653F82BDAA5D8E053A /* Pods_MediationAdManager.framework */ = {isa = PBXFileReference; explicitFileType = wrapper.framework; includeInIndex = 0; path = Pods_MediationAdManager.framework; sourceTree = BUILT_PRODUCTS_DIR; };
		832D157F4B04FFF1E1086C4E /* Pods-MediationAdManager.debug.xcconfig */ = {isa = PBXFileReference; includeInIndex = 1; lastKnownFileType = text.xcconfig; name = "Pods-MediationAdManager.debug.xcconfig"; path = "Target Support Files/Pods-MediationAdManager/Pods-MediationAdManager.debug.xcconfig"; sourceTree = "<group>"; };
		960F3CCA28FE501B002FA17E /* AppOpenAd.swift */ = {isa = PBXFileReference; lastKnownFileType = sourcecode.swift; path = AppOpenAd.swift; sourceTree = "<group>"; };
		960F3CCD28FE5634002FA17E /* StringExtension.swift */ = {isa = PBXFileReference; lastKnownFileType = sourcecode.swift; path = StringExtension.swift; sourceTree = "<group>"; };
		960F3CCF28FE663A002FA17E /* RewardedAd.swift */ = {isa = PBXFileReference; lastKnownFileType = sourcecode.swift; path = RewardedAd.swift; sourceTree = "<group>"; };
		960F926D28F4252900DC412A /* MediationAdManager.framework */ = {isa = PBXFileReference; explicitFileType = wrapper.framework; includeInIndex = 0; path = MediationAdManager.framework; sourceTree = BUILT_PRODUCTS_DIR; };
		960F927028F4252900DC412A /* MediationAdManager.h */ = {isa = PBXFileReference; lastKnownFileType = sourcecode.c.h; path = MediationAdManager.h; sourceTree = "<group>"; };
		960F927128F4252900DC412A /* MediationAdManager.docc */ = {isa = PBXFileReference; lastKnownFileType = folder.documentationcatalog; path = MediationAdManager.docc; sourceTree = "<group>"; };
		960F927D28F4267900DC412A /* MediationAdExamples.app */ = {isa = PBXFileReference; explicitFileType = wrapper.application; includeInIndex = 0; path = MediationAdExamples.app; sourceTree = BUILT_PRODUCTS_DIR; };
		960F927F28F4267900DC412A /* AppDelegate.swift */ = {isa = PBXFileReference; lastKnownFileType = sourcecode.swift; path = AppDelegate.swift; sourceTree = "<group>"; };
		960F928128F4267900DC412A /* SceneDelegate.swift */ = {isa = PBXFileReference; lastKnownFileType = sourcecode.swift; path = SceneDelegate.swift; sourceTree = "<group>"; };
		960F928328F4267900DC412A /* ViewController.swift */ = {isa = PBXFileReference; lastKnownFileType = sourcecode.swift; path = ViewController.swift; sourceTree = "<group>"; };
		960F928628F4267900DC412A /* Base */ = {isa = PBXFileReference; lastKnownFileType = file.storyboard; name = Base; path = Base.lproj/Main.storyboard; sourceTree = "<group>"; };
		960F928828F4267A00DC412A /* Assets.xcassets */ = {isa = PBXFileReference; lastKnownFileType = folder.assetcatalog; path = Assets.xcassets; sourceTree = "<group>"; };
		960F928B28F4267A00DC412A /* Base */ = {isa = PBXFileReference; lastKnownFileType = file.storyboard; name = Base; path = Base.lproj/LaunchScreen.storyboard; sourceTree = "<group>"; };
		960F928D28F4267A00DC412A /* Info.plist */ = {isa = PBXFileReference; lastKnownFileType = text.plist.xml; path = Info.plist; sourceTree = "<group>"; };
		96231B4328F69EDC001B9DEE /* AdColony.xcframework */ = {isa = PBXFileReference; lastKnownFileType = wrapper.xcframework; name = AdColony.xcframework; path = Pods/AdColony/AdColony.xcframework; sourceTree = "<group>"; };
		96231B4428F69EDC001B9DEE /* AppLovinMediationAdColonyAdapter.xcframework */ = {isa = PBXFileReference; lastKnownFileType = wrapper.xcframework; name = AppLovinMediationAdColonyAdapter.xcframework; path = "Pods/AppLovinMediationAdColonyAdapter/AppLovinMediationAdColonyAdapter-4.9.0.0.0/AppLovinMediationAdColonyAdapter.xcframework"; sourceTree = "<group>"; };
		96231B4528F69EDC001B9DEE /* AppLovinMediationFacebookAdapter.xcframework */ = {isa = PBXFileReference; lastKnownFileType = wrapper.xcframework; name = AppLovinMediationFacebookAdapter.xcframework; path = "Pods/AppLovinMediationFacebookAdapter/AppLovinMediationFacebookAdapter-6.11.2.1/AppLovinMediationFacebookAdapter.xcframework"; sourceTree = "<group>"; };
		96231B4628F69EDC001B9DEE /* AppLovinMediationGoogleAdapter.xcframework */ = {isa = PBXFileReference; lastKnownFileType = wrapper.xcframework; name = AppLovinMediationGoogleAdapter.xcframework; path = "Pods/AppLovinMediationGoogleAdapter/AppLovinMediationGoogleAdapter-9.11.0.2/AppLovinMediationGoogleAdapter.xcframework"; sourceTree = "<group>"; };
		96231B4728F69EDC001B9DEE /* AppLovinMediationIronSourceAdapter.xcframework */ = {isa = PBXFileReference; lastKnownFileType = wrapper.xcframework; name = AppLovinMediationIronSourceAdapter.xcframework; path = "Pods/AppLovinMediationIronSourceAdapter/AppLovinMediationIronSourceAdapter-7.2.5.0.0/AppLovinMediationIronSourceAdapter.xcframework"; sourceTree = "<group>"; };
		96231B4828F69EDC001B9DEE /* AppLovinMediationUnityAdsAdapter.xcframework */ = {isa = PBXFileReference; lastKnownFileType = wrapper.xcframework; name = AppLovinMediationUnityAdsAdapter.xcframework; path = "Pods/AppLovinMediationUnityAdsAdapter/AppLovinMediationUnityAdsAdapter-4.4.0.0/AppLovinMediationUnityAdsAdapter.xcframework"; sourceTree = "<group>"; };
		96231B4928F69EDC001B9DEE /* AppLovinMediationVungleAdapter.xcframework */ = {isa = PBXFileReference; lastKnownFileType = wrapper.xcframework; name = AppLovinMediationVungleAdapter.xcframework; path = "Pods/AppLovinMediationVungleAdapter/AppLovinMediationVungleAdapter-6.12.0.3/AppLovinMediationVungleAdapter.xcframework"; sourceTree = "<group>"; };
		96231B4A28F69EDC001B9DEE /* AppLovinSDK.xcframework */ = {isa = PBXFileReference; lastKnownFileType = wrapper.xcframework; name = AppLovinSDK.xcframework; path = "Pods/AppLovinSDK/applovin-ios-sdk-11.5.1/AppLovinSDK.xcframework"; sourceTree = "<group>"; };
		96231B4B28F69EDC001B9DEE /* FBAudienceNetwork.xcframework */ = {isa = PBXFileReference; lastKnownFileType = wrapper.xcframework; name = FBAudienceNetwork.xcframework; path = Pods/FBAudienceNetwork/Static/FBAudienceNetwork.xcframework; sourceTree = "<group>"; };
		96231B4C28F69EDC001B9DEE /* GoogleAppMeasurement.xcframework */ = {isa = PBXFileReference; lastKnownFileType = wrapper.xcframework; name = GoogleAppMeasurement.xcframework; path = Pods/GoogleAppMeasurement/Frameworks/GoogleAppMeasurement.xcframework; sourceTree = "<group>"; };
		96231B4D28F69EDC001B9DEE /* GoogleAppMeasurementIdentitySupport.xcframework */ = {isa = PBXFileReference; lastKnownFileType = wrapper.xcframework; name = GoogleAppMeasurementIdentitySupport.xcframework; path = Pods/GoogleAppMeasurement/Frameworks/GoogleAppMeasurementIdentitySupport.xcframework; sourceTree = "<group>"; };
		96231B4E28F69EDC001B9DEE /* GoogleMobileAds.xcframework */ = {isa = PBXFileReference; lastKnownFileType = wrapper.xcframework; name = GoogleMobileAds.xcframework; path = "Pods/Google-Mobile-Ads-SDK/Frameworks/GoogleMobileAdsFramework-Current/GoogleMobileAds.xcframework"; sourceTree = "<group>"; };
		96231B4F28F69EDC001B9DEE /* GoogleUtilities.framework */ = {isa = PBXFileReference; explicitFileType = wrapper.framework; path = GoogleUtilities.framework; sourceTree = BUILT_PRODUCTS_DIR; };
		96231B5028F69EDC001B9DEE /* IronSource.xcframework */ = {isa = PBXFileReference; lastKnownFileType = wrapper.xcframework; name = IronSource.xcframework; path = Pods/IronSourceSDK/IronSource/IronSource.xcframework; sourceTree = "<group>"; };
		96231B5128F69EDC001B9DEE /* nanopb.framework */ = {isa = PBXFileReference; explicitFileType = wrapper.framework; path = nanopb.framework; sourceTree = BUILT_PRODUCTS_DIR; };
		96231B5328F69EDC001B9DEE /* FBLPromises.framework */ = {isa = PBXFileReference; explicitFileType = wrapper.framework; path = FBLPromises.framework; sourceTree = BUILT_PRODUCTS_DIR; };
		96231B5428F69EDC001B9DEE /* UnityAds.xcframework */ = {isa = PBXFileReference; lastKnownFileType = wrapper.xcframework; name = UnityAds.xcframework; path = Pods/UnityAds/UnityAds.xcframework; sourceTree = "<group>"; };
		96231B5528F69EDC001B9DEE /* UserMessagingPlatform.xcframework */ = {isa = PBXFileReference; lastKnownFileType = wrapper.xcframework; name = UserMessagingPlatform.xcframework; path = Pods/GoogleUserMessagingPlatform/Frameworks/Release/UserMessagingPlatform.xcframework; sourceTree = "<group>"; };
		96231B5628F69EDC001B9DEE /* VungleSDK.xcframework */ = {isa = PBXFileReference; lastKnownFileType = wrapper.xcframework; name = VungleSDK.xcframework; path = "Pods/VungleSDK-iOS/VungleSDK.xcframework"; sourceTree = "<group>"; };
		9670507E290F89E000A21FB2 /* SmallManualNativeAdView.xib */ = {isa = PBXFileReference; lastKnownFileType = file.xib; path = SmallManualNativeAdView.xib; sourceTree = "<group>"; };
		96705080290F8AA900A21FB2 /* SmallManualNativeAdView.swift */ = {isa = PBXFileReference; lastKnownFileType = sourcecode.swift; path = SmallManualNativeAdView.swift; sourceTree = "<group>"; };
		96705083290FB46200A21FB2 /* MediumManualNativeAdView.xib */ = {isa = PBXFileReference; lastKnownFileType = file.xib; path = MediumManualNativeAdView.xib; sourceTree = "<group>"; };
		96705085290FBAA900A21FB2 /* MediumManualNativeAdView.swift */ = {isa = PBXFileReference; lastKnownFileType = sourcecode.swift; path = MediumManualNativeAdView.swift; sourceTree = "<group>"; };
		967C1BB028FD08DF008C52FE /* InterstitialAd.swift */ = {isa = PBXFileReference; lastKnownFileType = sourcecode.swift; path = InterstitialAd.swift; sourceTree = "<group>"; };
		967C1BB428FD08DF008C52FE /* AdProtocol.swift */ = {isa = PBXFileReference; lastKnownFileType = sourcecode.swift; path = AdProtocol.swift; sourceTree = "<group>"; };
		967C1BB728FD54C9008C52FE /* Info.plist */ = {isa = PBXFileReference; lastKnownFileType = text.plist; path = Info.plist; sourceTree = "<group>"; };
		96AAD26529027D9E006C9EA4 /* BaseView.swift */ = {isa = PBXFileReference; lastKnownFileType = sourcecode.swift; path = BaseView.swift; sourceTree = "<group>"; };
		96AAD26729027DC4006C9EA4 /* ViewProtocol.swift */ = {isa = PBXFileReference; lastKnownFileType = sourcecode.swift; path = ViewProtocol.swift; sourceTree = "<group>"; };
		96AAD26929027DFD006C9EA4 /* BannerAdView.swift */ = {isa = PBXFileReference; lastKnownFileType = sourcecode.swift; path = BannerAdView.swift; sourceTree = "<group>"; };
		96AFC5F52910BC4400E92E34 /* BaseCollectionViewCell.swift */ = {isa = PBXFileReference; lastKnownFileType = sourcecode.swift; path = BaseCollectionViewCell.swift; sourceTree = "<group>"; };
		96AFC5F72910BEC200E92E34 /* MediumNativeAdCollectionViewCell.swift */ = {isa = PBXFileReference; lastKnownFileType = sourcecode.swift; path = MediumNativeAdCollectionViewCell.swift; sourceTree = "<group>"; };
		96AFC5F92910BEFA00E92E34 /* SmallManualNativeAdCollectionViewCell.swift */ = {isa = PBXFileReference; lastKnownFileType = sourcecode.swift; path = SmallManualNativeAdCollectionViewCell.swift; sourceTree = "<group>"; };
		96AFC5FB2910BF5800E92E34 /* MediumManualNativeAdCollectionViewCell.swift */ = {isa = PBXFileReference; lastKnownFileType = sourcecode.swift; path = MediumManualNativeAdCollectionViewCell.swift; sourceTree = "<group>"; };
		96AFC5FD2910C0A300E92E34 /* NativeViewController.swift */ = {isa = PBXFileReference; lastKnownFileType = sourcecode.swift; path = NativeViewController.swift; sourceTree = "<group>"; };
		96AFC5FE2910C0A300E92E34 /* NativeViewController.xib */ = {isa = PBXFileReference; lastKnownFileType = file.xib; path = NativeViewController.xib; sourceTree = "<group>"; };
		96BE69C1290297E20026C96C /* Extensions.swift */ = {isa = PBXFileReference; lastKnownFileType = sourcecode.swift; path = Extensions.swift; sourceTree = "<group>"; };
		96BE69C529029AE10026C96C /* MediationAdManager.swift */ = {isa = PBXFileReference; lastKnownFileType = sourcecode.swift; path = MediationAdManager.swift; sourceTree = "<group>"; };
		96CE7D4E2907CFC8006767C2 /* MediumNativeAdView.swift */ = {isa = PBXFileReference; lastKnownFileType = sourcecode.swift; path = MediumNativeAdView.swift; sourceTree = "<group>"; };
		96F05C6D29125037009ECA12 /* libNVActivityIndicatorView.a */ = {isa = PBXFileReference; explicitFileType = archive.ar; path = libNVActivityIndicatorView.a; sourceTree = BUILT_PRODUCTS_DIR; };
		96FAED8D290FE25C007D240E /* SmallNativeAdCollectionViewCell.swift */ = {isa = PBXFileReference; lastKnownFileType = sourcecode.swift; path = SmallNativeAdCollectionViewCell.swift; sourceTree = "<group>"; };
		96FBEC52290675CD00FA6A25 /* NativeAd.swift */ = {isa = PBXFileReference; lastKnownFileType = sourcecode.swift; path = NativeAd.swift; sourceTree = "<group>"; };
		96FBEC542906A82B00FA6A25 /* SmallNativeAdView.swift */ = {isa = PBXFileReference; lastKnownFileType = sourcecode.swift; path = SmallNativeAdView.swift; sourceTree = "<group>"; };
		B98DDE73CD9FF8374A89F6ED /* Pods-MediationAdManager.release.xcconfig */ = {isa = PBXFileReference; includeInIndex = 1; lastKnownFileType = text.xcconfig; name = "Pods-MediationAdManager.release.xcconfig"; path = "Target Support Files/Pods-MediationAdManager/Pods-MediationAdManager.release.xcconfig"; sourceTree = "<group>"; };
/* End PBXFileReference section */

/* Begin PBXFrameworksBuildPhase section */
		960F926A28F4252900DC412A /* Frameworks */ = {
			isa = PBXFrameworksBuildPhase;
			buildActionMask = 2147483647;
			files = (
				9A5CB6A1EAB93E5FC04BF10F /* Pods_MediationAdManager.framework in Frameworks */,
			);
			runOnlyForDeploymentPostprocessing = 0;
		};
		960F927A28F4267900DC412A /* Frameworks */ = {
			isa = PBXFrameworksBuildPhase;
			buildActionMask = 2147483647;
			files = (
			);
			runOnlyForDeploymentPostprocessing = 0;
		};
/* End PBXFrameworksBuildPhase section */

/* Begin PBXGroup section */
		7AD09FD2C86D740226D6D1EC /* Frameworks */ = {
			isa = PBXGroup;
			children = (
				96F05C6D29125037009ECA12 /* libNVActivityIndicatorView.a */,
				96231B4328F69EDC001B9DEE /* AdColony.xcframework */,
				96231B4428F69EDC001B9DEE /* AppLovinMediationAdColonyAdapter.xcframework */,
				96231B4528F69EDC001B9DEE /* AppLovinMediationFacebookAdapter.xcframework */,
				96231B4628F69EDC001B9DEE /* AppLovinMediationGoogleAdapter.xcframework */,
				96231B4728F69EDC001B9DEE /* AppLovinMediationIronSourceAdapter.xcframework */,
				96231B4828F69EDC001B9DEE /* AppLovinMediationUnityAdsAdapter.xcframework */,
				96231B4928F69EDC001B9DEE /* AppLovinMediationVungleAdapter.xcframework */,
				96231B4A28F69EDC001B9DEE /* AppLovinSDK.xcframework */,
				96231B4B28F69EDC001B9DEE /* FBAudienceNetwork.xcframework */,
				96231B4C28F69EDC001B9DEE /* GoogleAppMeasurement.xcframework */,
				96231B4D28F69EDC001B9DEE /* GoogleAppMeasurementIdentitySupport.xcframework */,
				96231B4E28F69EDC001B9DEE /* GoogleMobileAds.xcframework */,
				96231B4F28F69EDC001B9DEE /* GoogleUtilities.framework */,
				96231B5028F69EDC001B9DEE /* IronSource.xcframework */,
				96231B5128F69EDC001B9DEE /* nanopb.framework */,
				96231B5328F69EDC001B9DEE /* FBLPromises.framework */,
				96231B5428F69EDC001B9DEE /* UnityAds.xcframework */,
				96231B5528F69EDC001B9DEE /* UserMessagingPlatform.xcframework */,
				96231B5628F69EDC001B9DEE /* VungleSDK.xcframework */,
				13CD46653F82BDAA5D8E053A /* Pods_MediationAdManager.framework */,
			);
			name = Frameworks;
			sourceTree = "<group>";
		};
		960F3CCC28FE5623002FA17E /* Extension */ = {
			isa = PBXGroup;
			children = (
				960F3CCD28FE5634002FA17E /* StringExtension.swift */,
			);
			name = Extension;
			sourceTree = "<group>";
		};
		960F926328F4252900DC412A = {
			isa = PBXGroup;
			children = (
				960F926F28F4252900DC412A /* MediationAdManager */,
				960F927E28F4267900DC412A /* MediationAdExamples */,
				960F926E28F4252900DC412A /* Products */,
				D77544F03E299876E7556AE7 /* Pods */,
				7AD09FD2C86D740226D6D1EC /* Frameworks */,
			);
			sourceTree = "<group>";
		};
		960F926E28F4252900DC412A /* Products */ = {
			isa = PBXGroup;
			children = (
				960F926D28F4252900DC412A /* MediationAdManager.framework */,
				960F927D28F4267900DC412A /* MediationAdExamples.app */,
			);
			name = Products;
			sourceTree = "<group>";
		};
		960F926F28F4252900DC412A /* MediationAdManager */ = {
			isa = PBXGroup;
			children = (
				967C1BB728FD54C9008C52FE /* Info.plist */,
				960F927028F4252900DC412A /* MediationAdManager.h */,
				960F927128F4252900DC412A /* MediationAdManager.docc */,
				96BE69C529029AE10026C96C /* MediationAdManager.swift */,
				96BE69C1290297E20026C96C /* Extensions.swift */,
				96BE69C329029A8D0026C96C /* Ads */,
				96BE69C729029B9A0026C96C /* View */,
				96FAED8C290FE230007D240E /* CollectionViewCell */,
				96BE69C429029A990026C96C /* Base */,
			);
			path = MediationAdManager;
			sourceTree = "<group>";
		};
		960F927E28F4267900DC412A /* MediationAdExamples */ = {
			isa = PBXGroup;
			children = (
				960F928D28F4267A00DC412A /* Info.plist */,
				960F929328F4277E00DC412A /* App */,
				960F3CCC28FE5623002FA17E /* Extension */,
				960F929428F4278D00DC412A /* Scenes */,
			);
			path = MediationAdExamples;
			sourceTree = "<group>";
		};
		960F929328F4277E00DC412A /* App */ = {
			isa = PBXGroup;
			children = (
				960F927F28F4267900DC412A /* AppDelegate.swift */,
				960F928128F4267900DC412A /* SceneDelegate.swift */,
				960F928828F4267A00DC412A /* Assets.xcassets */,
			);
			path = App;
			sourceTree = "<group>";
		};
		960F929428F4278D00DC412A /* Scenes */ = {
			isa = PBXGroup;
			children = (
				960F928A28F4267A00DC412A /* LaunchScreen.storyboard */,
				960F928528F4267900DC412A /* Main.storyboard */,
				960F928328F4267900DC412A /* ViewController.swift */,
				96AFC5FD2910C0A300E92E34 /* NativeViewController.swift */,
				96AFC5FE2910C0A300E92E34 /* NativeViewController.xib */,
			);
			name = Scenes;
			path = App;
			sourceTree = "<group>";
		};
		96705082290F8B0100A21FB2 /* Xibs */ = {
			isa = PBXGroup;
			children = (
				9670507E290F89E000A21FB2 /* SmallManualNativeAdView.xib */,
				96705083290FB46200A21FB2 /* MediumManualNativeAdView.xib */,
			);
			path = Xibs;
			sourceTree = "<group>";
		};
		96BE69C329029A8D0026C96C /* Ads */ = {
			isa = PBXGroup;
			children = (
				967C1BB028FD08DF008C52FE /* InterstitialAd.swift */,
				960F3CCA28FE501B002FA17E /* AppOpenAd.swift */,
				960F3CCF28FE663A002FA17E /* RewardedAd.swift */,
				96FBEC52290675CD00FA6A25 /* NativeAd.swift */,
			);
			name = Ads;
			sourceTree = "<group>";
		};
		96BE69C429029A990026C96C /* Base */ = {
			isa = PBXGroup;
			children = (
				967C1BB428FD08DF008C52FE /* AdProtocol.swift */,
				96AAD26729027DC4006C9EA4 /* ViewProtocol.swift */,
				96AAD26529027D9E006C9EA4 /* BaseView.swift */,
				96AFC5F52910BC4400E92E34 /* BaseCollectionViewCell.swift */,
			);
			path = Base;
			sourceTree = "<group>";
		};
		96BE69C729029B9A0026C96C /* View */ = {
			isa = PBXGroup;
			children = (
				96705082290F8B0100A21FB2 /* Xibs */,
				96AAD26929027DFD006C9EA4 /* BannerAdView.swift */,
				96FBEC542906A82B00FA6A25 /* SmallNativeAdView.swift */,
				96CE7D4E2907CFC8006767C2 /* MediumNativeAdView.swift */,
				96705080290F8AA900A21FB2 /* SmallManualNativeAdView.swift */,
				96705085290FBAA900A21FB2 /* MediumManualNativeAdView.swift */,
			);
			path = View;
			sourceTree = "<group>";
		};
		96FAED8C290FE230007D240E /* CollectionViewCell */ = {
			isa = PBXGroup;
			children = (
				96FAED8D290FE25C007D240E /* SmallNativeAdCollectionViewCell.swift */,
				96AFC5F72910BEC200E92E34 /* MediumNativeAdCollectionViewCell.swift */,
				96AFC5F92910BEFA00E92E34 /* SmallManualNativeAdCollectionViewCell.swift */,
				96AFC5FB2910BF5800E92E34 /* MediumManualNativeAdCollectionViewCell.swift */,
			);
			name = CollectionViewCell;
			sourceTree = "<group>";
		};
		D77544F03E299876E7556AE7 /* Pods */ = {
			isa = PBXGroup;
			children = (
				832D157F4B04FFF1E1086C4E /* Pods-MediationAdManager.debug.xcconfig */,
				B98DDE73CD9FF8374A89F6ED /* Pods-MediationAdManager.release.xcconfig */,
			);
			path = Pods;
			sourceTree = "<group>";
		};
/* End PBXGroup section */

/* Begin PBXHeadersBuildPhase section */
		960F926828F4252900DC412A /* Headers */ = {
			isa = PBXHeadersBuildPhase;
			buildActionMask = 2147483647;
			files = (
				960F927328F4252900DC412A /* MediationAdManager.h in Headers */,
			);
			runOnlyForDeploymentPostprocessing = 0;
		};
/* End PBXHeadersBuildPhase section */

/* Begin PBXNativeTarget section */
		960F926C28F4252900DC412A /* MediationAdManager */ = {
			isa = PBXNativeTarget;
			buildConfigurationList = 960F927628F4252900DC412A /* Build configuration list for PBXNativeTarget "MediationAdManager" */;
			buildPhases = (
				80E6C5C30FC313394EEB8ACE /* [CP] Check Pods Manifest.lock */,
				960F926828F4252900DC412A /* Headers */,
				960F926928F4252900DC412A /* Sources */,
				960F926A28F4252900DC412A /* Frameworks */,
				960F926B28F4252900DC412A /* Resources */,
				182D53739BFD7C013332D9C5 /* [CP] Copy Pods Resources */,
			);
			buildRules = (
			);
			dependencies = (
			);
			name = MediationAdManager;
			productName = MediationAdManager;
			productReference = 960F926D28F4252900DC412A /* MediationAdManager.framework */;
			productType = "com.apple.product-type.framework";
		};
		960F927C28F4267900DC412A /* MediationAdExamples */ = {
			isa = PBXNativeTarget;
			buildConfigurationList = 960F928E28F4267A00DC412A /* Build configuration list for PBXNativeTarget "MediationAdExamples" */;
			buildPhases = (
				960F927928F4267900DC412A /* Sources */,
				960F927A28F4267900DC412A /* Frameworks */,
				960F927B28F4267900DC412A /* Resources */,
			);
			buildRules = (
			);
			dependencies = (
			);
			name = MediationAdExamples;
			productName = MediationAdExamples;
			productReference = 960F927D28F4267900DC412A /* MediationAdExamples.app */;
			productType = "com.apple.product-type.application";
		};
/* End PBXNativeTarget section */

/* Begin PBXProject section */
		960F926428F4252900DC412A /* Project object */ = {
			isa = PBXProject;
			attributes = {
				BuildIndependentTargetsInParallel = 1;
				LastSwiftUpdateCheck = 1400;
				LastUpgradeCheck = 1410;
				TargetAttributes = {
					960F926C28F4252900DC412A = {
						CreatedOnToolsVersion = 14.0;
					};
					960F927C28F4267900DC412A = {
						CreatedOnToolsVersion = 14.0;
					};
				};
			};
			buildConfigurationList = 960F926728F4252900DC412A /* Build configuration list for PBXProject "MediationAdManager" */;
			compatibilityVersion = "Xcode 14.0";
			developmentRegion = en;
			hasScannedForEncodings = 0;
			knownRegions = (
				en,
				Base,
			);
			mainGroup = 960F926328F4252900DC412A;
			productRefGroup = 960F926E28F4252900DC412A /* Products */;
			projectDirPath = "";
			projectRoot = "";
			targets = (
				960F926C28F4252900DC412A /* MediationAdManager */,
				960F927C28F4267900DC412A /* MediationAdExamples */,
			);
		};
/* End PBXProject section */

/* Begin PBXResourcesBuildPhase section */
		960F926B28F4252900DC412A /* Resources */ = {
			isa = PBXResourcesBuildPhase;
			buildActionMask = 2147483647;
			files = (
				9670507F290F89E000A21FB2 /* SmallManualNativeAdView.xib in Resources */,
				96705084290FB46200A21FB2 /* MediumManualNativeAdView.xib in Resources */,
			);
			runOnlyForDeploymentPostprocessing = 0;
		};
		960F927B28F4267900DC412A /* Resources */ = {
			isa = PBXResourcesBuildPhase;
			buildActionMask = 2147483647;
			files = (
				960F928C28F4267A00DC412A /* LaunchScreen.storyboard in Resources */,
				960F928928F4267A00DC412A /* Assets.xcassets in Resources */,
				960F928728F4267900DC412A /* Main.storyboard in Resources */,
				96AFC6002910C0A300E92E34 /* NativeViewController.xib in Resources */,
			);
			runOnlyForDeploymentPostprocessing = 0;
		};
/* End PBXResourcesBuildPhase section */

/* Begin PBXShellScriptBuildPhase section */
		182D53739BFD7C013332D9C5 /* [CP] Copy Pods Resources */ = {
			isa = PBXShellScriptBuildPhase;
			buildActionMask = 2147483647;
			files = (
			);
			inputFileListPaths = (
				"${PODS_ROOT}/Target Support Files/Pods-MediationAdManager/Pods-MediationAdManager-resources-${CONFIGURATION}-input-files.xcfilelist",
			);
			name = "[CP] Copy Pods Resources";
			outputFileListPaths = (
				"${PODS_ROOT}/Target Support Files/Pods-MediationAdManager/Pods-MediationAdManager-resources-${CONFIGURATION}-output-files.xcfilelist",
			);
			runOnlyForDeploymentPostprocessing = 0;
			shellPath = /bin/sh;
			shellScript = "\"${PODS_ROOT}/Target Support Files/Pods-MediationAdManager/Pods-MediationAdManager-resources.sh\"\n";
			showEnvVarsInLog = 0;
		};
		80E6C5C30FC313394EEB8ACE /* [CP] Check Pods Manifest.lock */ = {
			isa = PBXShellScriptBuildPhase;
			buildActionMask = 2147483647;
			files = (
			);
			inputFileListPaths = (
			);
			inputPaths = (
				"${PODS_PODFILE_DIR_PATH}/Podfile.lock",
				"${PODS_ROOT}/Manifest.lock",
			);
			name = "[CP] Check Pods Manifest.lock";
			outputFileListPaths = (
			);
			outputPaths = (
				"$(DERIVED_FILE_DIR)/Pods-MediationAdManager-checkManifestLockResult.txt",
			);
			runOnlyForDeploymentPostprocessing = 0;
			shellPath = /bin/sh;
			shellScript = "diff \"${PODS_PODFILE_DIR_PATH}/Podfile.lock\" \"${PODS_ROOT}/Manifest.lock\" > /dev/null\nif [ $? != 0 ] ; then\n    # print error to STDERR\n    echo \"error: The sandbox is not in sync with the Podfile.lock. Run 'pod install' or update your CocoaPods installation.\" >&2\n    exit 1\nfi\n# This output is used by Xcode 'outputs' to avoid re-running this script phase.\necho \"SUCCESS\" > \"${SCRIPT_OUTPUT_FILE_0}\"\n";
			showEnvVarsInLog = 0;
		};
/* End PBXShellScriptBuildPhase section */

/* Begin PBXSourcesBuildPhase section */
		960F926928F4252900DC412A /* Sources */ = {
			isa = PBXSourcesBuildPhase;
			buildActionMask = 2147483647;
			files = (
				96AFC5FA2910BEFA00E92E34 /* SmallManualNativeAdCollectionViewCell.swift in Sources */,
				96705081290F8AA900A21FB2 /* SmallManualNativeAdView.swift in Sources */,
				960F3CCB28FE501C002FA17E /* AppOpenAd.swift in Sources */,
				960F927228F4252900DC412A /* MediationAdManager.docc in Sources */,
				96AAD26829027DC4006C9EA4 /* ViewProtocol.swift in Sources */,
				96BE69C629029AE10026C96C /* MediationAdManager.swift in Sources */,
				96FBEC53290675CD00FA6A25 /* NativeAd.swift in Sources */,
				960F3CD028FE663A002FA17E /* RewardedAd.swift in Sources */,
				96AFC5F62910BC4400E92E34 /* BaseCollectionViewCell.swift in Sources */,
				96AFC5FC2910BF5800E92E34 /* MediumManualNativeAdCollectionViewCell.swift in Sources */,
				967C1BB528FD0913008C52FE /* InterstitialAd.swift in Sources */,
				96BE69C2290297E20026C96C /* Extensions.swift in Sources */,
				96CE7D4F2907CFC8006767C2 /* MediumNativeAdView.swift in Sources */,
				96FBEC552906A82B00FA6A25 /* SmallNativeAdView.swift in Sources */,
				96AAD26629027D9E006C9EA4 /* BaseView.swift in Sources */,
				96AFC5F82910BEC200E92E34 /* MediumNativeAdCollectionViewCell.swift in Sources */,
				96FAED8E290FE25C007D240E /* SmallNativeAdCollectionViewCell.swift in Sources */,
				96AAD26A29027DFD006C9EA4 /* BannerAdView.swift in Sources */,
				96705086290FBAA900A21FB2 /* MediumManualNativeAdView.swift in Sources */,
				967C1BB628FD09AF008C52FE /* AdProtocol.swift in Sources */,
			);
			runOnlyForDeploymentPostprocessing = 0;
		};
		960F927928F4267900DC412A /* Sources */ = {
			isa = PBXSourcesBuildPhase;
			buildActionMask = 2147483647;
			files = (
				96AFC5FF2910C0A300E92E34 /* NativeViewController.swift in Sources */,
				960F3CCE28FE5634002FA17E /* StringExtension.swift in Sources */,
				960F928428F4267900DC412A /* ViewController.swift in Sources */,
				960F928028F4267900DC412A /* AppDelegate.swift in Sources */,
				960F928228F4267900DC412A /* SceneDelegate.swift in Sources */,
			);
			runOnlyForDeploymentPostprocessing = 0;
		};
/* End PBXSourcesBuildPhase section */

/* Begin PBXVariantGroup section */
		960F928528F4267900DC412A /* Main.storyboard */ = {
			isa = PBXVariantGroup;
			children = (
				960F928628F4267900DC412A /* Base */,
			);
			name = Main.storyboard;
			sourceTree = "<group>";
		};
		960F928A28F4267A00DC412A /* LaunchScreen.storyboard */ = {
			isa = PBXVariantGroup;
			children = (
				960F928B28F4267A00DC412A /* Base */,
			);
			name = LaunchScreen.storyboard;
			sourceTree = "<group>";
		};
/* End PBXVariantGroup section */

/* Begin XCBuildConfiguration section */
		960F927428F4252900DC412A /* Debug */ = {
			isa = XCBuildConfiguration;
			buildSettings = {
				ALWAYS_EMBED_SWIFT_STANDARD_LIBRARIES = YES;
				ALWAYS_SEARCH_USER_PATHS = NO;
				CLANG_ANALYZER_NONNULL = YES;
				CLANG_ANALYZER_NUMBER_OBJECT_CONVERSION = YES_AGGRESSIVE;
				CLANG_CXX_LANGUAGE_STANDARD = "gnu++20";
				CLANG_ENABLE_MODULES = YES;
				CLANG_ENABLE_OBJC_ARC = YES;
				CLANG_ENABLE_OBJC_WEAK = YES;
				CLANG_WARN_BLOCK_CAPTURE_AUTORELEASING = YES;
				CLANG_WARN_BOOL_CONVERSION = YES;
				CLANG_WARN_COMMA = YES;
				CLANG_WARN_CONSTANT_CONVERSION = YES;
				CLANG_WARN_DEPRECATED_OBJC_IMPLEMENTATIONS = YES;
				CLANG_WARN_DIRECT_OBJC_ISA_USAGE = YES_ERROR;
				CLANG_WARN_DOCUMENTATION_COMMENTS = YES;
				CLANG_WARN_EMPTY_BODY = YES;
				CLANG_WARN_ENUM_CONVERSION = YES;
				CLANG_WARN_INFINITE_RECURSION = YES;
				CLANG_WARN_INT_CONVERSION = YES;
				CLANG_WARN_NON_LITERAL_NULL_CONVERSION = YES;
				CLANG_WARN_OBJC_IMPLICIT_RETAIN_SELF = YES;
				CLANG_WARN_OBJC_LITERAL_CONVERSION = YES;
				CLANG_WARN_OBJC_ROOT_CLASS = YES_ERROR;
				CLANG_WARN_QUOTED_INCLUDE_IN_FRAMEWORK_HEADER = YES;
				CLANG_WARN_RANGE_LOOP_ANALYSIS = YES;
				CLANG_WARN_STRICT_PROTOTYPES = YES;
				CLANG_WARN_SUSPICIOUS_MOVE = YES;
				CLANG_WARN_UNGUARDED_AVAILABILITY = YES_AGGRESSIVE;
				CLANG_WARN_UNREACHABLE_CODE = YES;
				CLANG_WARN__DUPLICATE_METHOD_MATCH = YES;
				COPY_PHASE_STRIP = NO;
				CURRENT_PROJECT_VERSION = 1;
				DEBUG_INFORMATION_FORMAT = dwarf;
				ENABLE_STRICT_OBJC_MSGSEND = YES;
				ENABLE_TESTABILITY = YES;
				GCC_C_LANGUAGE_STANDARD = gnu11;
				GCC_DYNAMIC_NO_PIC = NO;
				GCC_NO_COMMON_BLOCKS = YES;
				GCC_OPTIMIZATION_LEVEL = 0;
				GCC_PREPROCESSOR_DEFINITIONS = (
					"DEBUG=1",
					"$(inherited)",
				);
				GCC_WARN_64_TO_32_BIT_CONVERSION = YES;
				GCC_WARN_ABOUT_RETURN_TYPE = YES_ERROR;
				GCC_WARN_UNDECLARED_SELECTOR = YES;
				GCC_WARN_UNINITIALIZED_AUTOS = YES_AGGRESSIVE;
				GCC_WARN_UNUSED_FUNCTION = YES;
				GCC_WARN_UNUSED_VARIABLE = YES;
				IPHONEOS_DEPLOYMENT_TARGET = 12.0;
				MTL_ENABLE_DEBUG_INFO = INCLUDE_SOURCE;
				MTL_FAST_MATH = YES;
				ONLY_ACTIVE_ARCH = YES;
				SDKROOT = iphoneos;
				SWIFT_ACTIVE_COMPILATION_CONDITIONS = DEBUG;
				SWIFT_OPTIMIZATION_LEVEL = "-Onone";
				VERSIONING_SYSTEM = "apple-generic";
				VERSION_INFO_PREFIX = "";
			};
			name = Debug;
		};
		960F927528F4252900DC412A /* Release */ = {
			isa = XCBuildConfiguration;
			buildSettings = {
				ALWAYS_EMBED_SWIFT_STANDARD_LIBRARIES = YES;
				ALWAYS_SEARCH_USER_PATHS = NO;
				CLANG_ANALYZER_NONNULL = YES;
				CLANG_ANALYZER_NUMBER_OBJECT_CONVERSION = YES_AGGRESSIVE;
				CLANG_CXX_LANGUAGE_STANDARD = "gnu++20";
				CLANG_ENABLE_MODULES = YES;
				CLANG_ENABLE_OBJC_ARC = YES;
				CLANG_ENABLE_OBJC_WEAK = YES;
				CLANG_WARN_BLOCK_CAPTURE_AUTORELEASING = YES;
				CLANG_WARN_BOOL_CONVERSION = YES;
				CLANG_WARN_COMMA = YES;
				CLANG_WARN_CONSTANT_CONVERSION = YES;
				CLANG_WARN_DEPRECATED_OBJC_IMPLEMENTATIONS = YES;
				CLANG_WARN_DIRECT_OBJC_ISA_USAGE = YES_ERROR;
				CLANG_WARN_DOCUMENTATION_COMMENTS = YES;
				CLANG_WARN_EMPTY_BODY = YES;
				CLANG_WARN_ENUM_CONVERSION = YES;
				CLANG_WARN_INFINITE_RECURSION = YES;
				CLANG_WARN_INT_CONVERSION = YES;
				CLANG_WARN_NON_LITERAL_NULL_CONVERSION = YES;
				CLANG_WARN_OBJC_IMPLICIT_RETAIN_SELF = YES;
				CLANG_WARN_OBJC_LITERAL_CONVERSION = YES;
				CLANG_WARN_OBJC_ROOT_CLASS = YES_ERROR;
				CLANG_WARN_QUOTED_INCLUDE_IN_FRAMEWORK_HEADER = YES;
				CLANG_WARN_RANGE_LOOP_ANALYSIS = YES;
				CLANG_WARN_STRICT_PROTOTYPES = YES;
				CLANG_WARN_SUSPICIOUS_MOVE = YES;
				CLANG_WARN_UNGUARDED_AVAILABILITY = YES_AGGRESSIVE;
				CLANG_WARN_UNREACHABLE_CODE = YES;
				CLANG_WARN__DUPLICATE_METHOD_MATCH = YES;
				COPY_PHASE_STRIP = NO;
				CURRENT_PROJECT_VERSION = 1;
				DEBUG_INFORMATION_FORMAT = "dwarf-with-dsym";
				ENABLE_NS_ASSERTIONS = NO;
				ENABLE_STRICT_OBJC_MSGSEND = YES;
				GCC_C_LANGUAGE_STANDARD = gnu11;
				GCC_NO_COMMON_BLOCKS = YES;
				GCC_WARN_64_TO_32_BIT_CONVERSION = YES;
				GCC_WARN_ABOUT_RETURN_TYPE = YES_ERROR;
				GCC_WARN_UNDECLARED_SELECTOR = YES;
				GCC_WARN_UNINITIALIZED_AUTOS = YES_AGGRESSIVE;
				GCC_WARN_UNUSED_FUNCTION = YES;
				GCC_WARN_UNUSED_VARIABLE = YES;
				IPHONEOS_DEPLOYMENT_TARGET = 12.0;
				MTL_ENABLE_DEBUG_INFO = NO;
				MTL_FAST_MATH = YES;
				SDKROOT = iphoneos;
				SWIFT_COMPILATION_MODE = wholemodule;
				SWIFT_OPTIMIZATION_LEVEL = "-O";
				VALIDATE_PRODUCT = YES;
				VERSIONING_SYSTEM = "apple-generic";
				VERSION_INFO_PREFIX = "";
			};
			name = Release;
		};
		960F927728F4252900DC412A /* Debug */ = {
			isa = XCBuildConfiguration;
			baseConfigurationReference = 832D157F4B04FFF1E1086C4E /* Pods-MediationAdManager.debug.xcconfig */;
			buildSettings = {
				CODE_SIGN_STYLE = Automatic;
				CURRENT_PROJECT_VERSION = 1;
				DEFINES_MODULE = YES;
				DEVELOPMENT_TEAM = CAHNRSZ4RH;
				DYLIB_COMPATIBILITY_VERSION = 1;
				DYLIB_CURRENT_VERSION = 1;
				DYLIB_INSTALL_NAME_BASE = "@rpath";
				GENERATE_INFOPLIST_FILE = YES;
				INFOPLIST_FILE = MediationAdManager/Info.plist;
				INFOPLIST_KEY_NSHumanReadableCopyright = "";
				INSTALL_PATH = "$(LOCAL_LIBRARY_DIR)/Frameworks";
				IPHONEOS_DEPLOYMENT_TARGET = 12.0;
				LD_RUNPATH_SEARCH_PATHS = (
					"$(inherited)",
					"@executable_path/Frameworks",
					"@loader_path/Frameworks",
				);
				MARKETING_VERSION = 1.0;
				PRODUCT_BUNDLE_IDENTIFIER = com.MinhTX.lib.MediationAdManager;
				PRODUCT_NAME = "$(TARGET_NAME:c99extidentifier)";
				SKIP_INSTALL = YES;
				SUPPORTED_PLATFORMS = "iphoneos iphonesimulator";
				SUPPORTS_MACCATALYST = NO;
				SUPPORTS_MAC_DESIGNED_FOR_IPHONE_IPAD = YES;
				SWIFT_EMIT_LOC_STRINGS = YES;
				SWIFT_VERSION = 5.0;
				TARGETED_DEVICE_FAMILY = "1,2";
			};
			name = Debug;
		};
		960F927828F4252900DC412A /* Release */ = {
			isa = XCBuildConfiguration;
			baseConfigurationReference = B98DDE73CD9FF8374A89F6ED /* Pods-MediationAdManager.release.xcconfig */;
			buildSettings = {
				CODE_SIGN_STYLE = Automatic;
				CURRENT_PROJECT_VERSION = 1;
				DEFINES_MODULE = YES;
				DEVELOPMENT_TEAM = CAHNRSZ4RH;
				DYLIB_COMPATIBILITY_VERSION = 1;
				DYLIB_CURRENT_VERSION = 1;
				DYLIB_INSTALL_NAME_BASE = "@rpath";
				GENERATE_INFOPLIST_FILE = YES;
				INFOPLIST_FILE = MediationAdManager/Info.plist;
				INFOPLIST_KEY_NSHumanReadableCopyright = "";
				INSTALL_PATH = "$(LOCAL_LIBRARY_DIR)/Frameworks";
				IPHONEOS_DEPLOYMENT_TARGET = 12.0;
				LD_RUNPATH_SEARCH_PATHS = (
					"$(inherited)",
					"@executable_path/Frameworks",
					"@loader_path/Frameworks",
				);
				MARKETING_VERSION = 1.0;
				PRODUCT_BUNDLE_IDENTIFIER = com.MinhTX.lib.MediationAdManager;
				PRODUCT_NAME = "$(TARGET_NAME:c99extidentifier)";
				SKIP_INSTALL = YES;
				SUPPORTED_PLATFORMS = "iphoneos iphonesimulator";
				SUPPORTS_MACCATALYST = NO;
				SUPPORTS_MAC_DESIGNED_FOR_IPHONE_IPAD = YES;
				SWIFT_EMIT_LOC_STRINGS = YES;
				SWIFT_VERSION = 5.0;
				TARGETED_DEVICE_FAMILY = "1,2";
			};
			name = Release;
		};
		960F928F28F4267A00DC412A /* Debug */ = {
			isa = XCBuildConfiguration;
			buildSettings = {
				ASSETCATALOG_COMPILER_APPICON_NAME = AppIcon;
				ASSETCATALOG_COMPILER_GLOBAL_ACCENT_COLOR_NAME = AccentColor;
				CODE_SIGN_STYLE = Automatic;
				CURRENT_PROJECT_VERSION = 1;
				DEVELOPMENT_TEAM = CAHNRSZ4RH;
				GENERATE_INFOPLIST_FILE = YES;
				INFOPLIST_FILE = MediationAdExamples/Info.plist;
				INFOPLIST_KEY_UIApplicationSupportsIndirectInputEvents = YES;
				INFOPLIST_KEY_UILaunchStoryboardName = LaunchScreen.storyboard;
				INFOPLIST_KEY_UIMainStoryboardFile = Main;
				INFOPLIST_KEY_UIRequiresFullScreen = YES;
				INFOPLIST_KEY_UISupportedInterfaceOrientations_iPad = "UIInterfaceOrientationPortrait UIInterfaceOrientationPortraitUpsideDown UIInterfaceOrientationLandscapeLeft UIInterfaceOrientationLandscapeRight";
				INFOPLIST_KEY_UISupportedInterfaceOrientations_iPhone = "UIInterfaceOrientationPortrait UIInterfaceOrientationLandscapeLeft UIInterfaceOrientationLandscapeRight";
				IPHONEOS_DEPLOYMENT_TARGET = 12.0;
				LD_RUNPATH_SEARCH_PATHS = (
					"$(inherited)",
					"@executable_path/Frameworks",
				);
				MARKETING_VERSION = 1.0;
				PRODUCT_BUNDLE_IDENTIFIER = com.MinhTX.MediationAdManager;
				PRODUCT_NAME = "$(TARGET_NAME)";
				SWIFT_EMIT_LOC_STRINGS = YES;
				SWIFT_VERSION = 5.0;
				TARGETED_DEVICE_FAMILY = "1,2";
			};
			name = Debug;
		};
		960F929028F4267A00DC412A /* Release */ = {
			isa = XCBuildConfiguration;
			buildSettings = {
				ASSETCATALOG_COMPILER_APPICON_NAME = AppIcon;
				ASSETCATALOG_COMPILER_GLOBAL_ACCENT_COLOR_NAME = AccentColor;
				CODE_SIGN_STYLE = Automatic;
				CURRENT_PROJECT_VERSION = 1;
				DEVELOPMENT_TEAM = CAHNRSZ4RH;
				GENERATE_INFOPLIST_FILE = YES;
				INFOPLIST_FILE = MediationAdExamples/Info.plist;
				INFOPLIST_KEY_UIApplicationSupportsIndirectInputEvents = YES;
				INFOPLIST_KEY_UILaunchStoryboardName = LaunchScreen.storyboard;
				INFOPLIST_KEY_UIMainStoryboardFile = Main;
				INFOPLIST_KEY_UIRequiresFullScreen = YES;
				INFOPLIST_KEY_UISupportedInterfaceOrientations_iPad = "UIInterfaceOrientationPortrait UIInterfaceOrientationPortraitUpsideDown UIInterfaceOrientationLandscapeLeft UIInterfaceOrientationLandscapeRight";
				INFOPLIST_KEY_UISupportedInterfaceOrientations_iPhone = "UIInterfaceOrientationPortrait UIInterfaceOrientationLandscapeLeft UIInterfaceOrientationLandscapeRight";
				IPHONEOS_DEPLOYMENT_TARGET = 12.0;
				LD_RUNPATH_SEARCH_PATHS = (
					"$(inherited)",
					"@executable_path/Frameworks",
				);
				MARKETING_VERSION = 1.0;
				PRODUCT_BUNDLE_IDENTIFIER = com.MinhTX.MediationAdManager;
				PRODUCT_NAME = "$(TARGET_NAME)";
				SWIFT_EMIT_LOC_STRINGS = YES;
				SWIFT_VERSION = 5.0;
				TARGETED_DEVICE_FAMILY = "1,2";
			};
			name = Release;
		};
/* End XCBuildConfiguration section */

/* Begin XCConfigurationList section */
		960F926728F4252900DC412A /* Build configuration list for PBXProject "MediationAdManager" */ = {
			isa = XCConfigurationList;
			buildConfigurations = (
				960F927428F4252900DC412A /* Debug */,
				960F927528F4252900DC412A /* Release */,
			);
			defaultConfigurationIsVisible = 0;
			defaultConfigurationName = Release;
		};
		960F927628F4252900DC412A /* Build configuration list for PBXNativeTarget "MediationAdManager" */ = {
			isa = XCConfigurationList;
			buildConfigurations = (
				960F927728F4252900DC412A /* Debug */,
				960F927828F4252900DC412A /* Release */,
			);
			defaultConfigurationIsVisible = 0;
			defaultConfigurationName = Release;
		};
		960F928E28F4267A00DC412A /* Build configuration list for PBXNativeTarget "MediationAdExamples" */ = {
			isa = XCConfigurationList;
			buildConfigurations = (
				960F928F28F4267A00DC412A /* Debug */,
				960F929028F4267A00DC412A /* Release */,
			);
			defaultConfigurationIsVisible = 0;
			defaultConfigurationName = Release;
		};
/* End XCConfigurationList section */
	};
	rootObject = 960F926428F4252900DC412A /* Project object */;
}
